{
  "name": "omori",
  "version": "0.1.0",
  "lockfileVersion": 3,
  "requires": true,
  "packages": {
    "": {
      "name": "omori",
      "version": "0.1.0",
      "devDependencies": {
        "@types/nw.gui": "^0.0.24",
        "@types/nw.js": "^0.13.20",
        "@types/pixi.js": "^4.8.9",
        "typescript": "^4.9.5"
      }
    },
    "node_modules/@types/node": {
      "version": "20.10.4",
      "resolved": "https://registry.npmjs.org/@types/node/-/node-20.10.4.tgz",
      "integrity": "sha512-D08YG6rr8X90YB56tSIuBaddy/UXAA9RKJoFvrsnogAum/0pmjkgi4+2nx96A330FmioegBWmEYQ+syqCFaveg==",
      "dev": true,
      "dependencies": {
        "undici-types": "~5.26.4"
      }
    },
    "node_modules/@types/nw.gui": {
      "version": "0.0.24",
      "resolved": "https://registry.npmjs.org/@types/nw.gui/-/nw.gui-0.0.24.tgz",
      "integrity": "sha512-Jpx1nVaGLdhOeBCmqqHvfrggXLGTibtEPLw3sXqPskYX/WQlZVO/HFWtEsT//yMyZVZpm/7/gzQssWTKOGjKeQ==",
      "dev": true
    },
    "node_modules/@types/nw.js": {
      "version": "0.13.20",
      "resolved": "https://registry.npmjs.org/@types/nw.js/-/nw.js-0.13.20.tgz",
      "integrity": "sha512-40mwOfqm19DomFXuHD3h2hklf5K8ILxyMmGbUvHygN9ZXReCysMn1tVlnpQZJXikkhKO6saZWJDEuEhQGP7f+g==",
      "dev": true,
      "dependencies": {
        "@types/node": "*"
      }
    },
    "node_modules/@types/pixi.js": {
      "version": "4.8.9",
      "resolved": "https://registry.npmjs.org/@types/pixi.js/-/pixi.js-4.8.9.tgz",
      "integrity": "sha512-PCqd9/TaGOAqg73u8cQKH2sg8pdkRzU6VKu8lWrV+/+p5QiDRtrT8chY5yveVM8A/hWLNtvIQlWpojDomTSNQQ==",
      "dev": true
    },
    "node_modules/typescript": {
      "version": "4.9.5",
      "resolved": "https://registry.npmjs.org/typescript/-/typescript-4.9.5.tgz",
      "integrity": "sha512-1FXk9E2Hm+QzZQ7z+McJiHL4NW1F2EzMu9Nq9i3zAaGqibafqYwCVU6WyWAuyQRRzOlxou8xZSyXLEN8oKj24g==",
      "dev": true,
      "bin": {
        "tsc": "bin/tsc",
        "tsserver": "bin/tsserver"
      },
      "engines": {
        "node": ">=4.2.0"
      }
    },
    "node_modules/undici-types": {
      "version": "5.26.5",
      "resolved": "https://registry.npmjs.org/undici-types/-/undici-types-5.26.5.tgz",
      "integrity": "sha512-JlCMO+ehdEIKqlFxk6IfVoAUVmgz7cU7zD/h9XZ0qzeosSHmUJVOzSQvvYSYWXkFXC+IfLKSIffhv0sVZup6pA==",
      "dev": true
    }
  }
}
