# THIS IS AN AUTOGENERATED FILE. DO NOT EDIT THIS FILE DIRECTLY.
# yarn lockfile v1


"@types/fpsmeter@^0.3.34":
  version "0.3.34"
  resolved "https://registry.npmjs.org/@types/fpsmeter/-/fpsmeter-0.3.34.tgz"
  integrity sha512-ja3G1z7zkL0SUIH8fkhrSuOrayqiaocbLd4uZ8rTTbLLZy8wCdLx4E1ygOtJy/K5133VyXaU4r0Tr1js7edshA==

"@types/node@*", "@types/node@^20.10.5":
  version "20.10.5"
  resolved "https://registry.npmjs.org/@types/node/-/node-20.10.5.tgz"
  integrity sha512-nNPsNE65wjMxEKI93yOP+NPGGBJz/PoN3kZsVLee0XMiJolxSekEVD8wRwBUBqkwc7UWop0edW50yrCQW4CyRw==
  dependencies:
    undici-types "~5.26.4"

"@types/nw.gui@^0.0.24":
  version "0.0.24"
  resolved "https://registry.npmjs.org/@types/nw.gui/-/nw.gui-0.0.24.tgz"
  integrity sha512-Jpx1nVaGLdhOeBCmqqHvfrggXLGTibtEPLw3sXqPskYX/WQlZVO/HFWtEsT//yMyZVZpm/7/gzQssWTKOGjKeQ==

"@types/nw.js@^0.13.20":
  version "0.13.20"
  resolved "https://registry.npmjs.org/@types/nw.js/-/nw.js-0.13.20.tgz"
  integrity sha512-40mwOfqm19DomFXuHD3h2hklf5K8ILxyMmGbUvHygN9ZXReCysMn1tVlnpQZJXikkhKO6saZWJDEuEhQGP7f+g==
  dependencies:
    "@types/node" "*"

"@types/pixi.js@^4.8.9":
  version "4.8.9"
  resolved "https://registry.npmjs.org/@types/pixi.js/-/pixi.js-4.8.9.tgz"
  integrity sha512-PCqd9/TaGOAqg73u8cQKH2sg8pdkRzU6VKu8lWrV+/+p5QiDRtrT8chY5yveVM8A/hWLNtvIQlWpojDomTSNQQ==

typescript@^4.9.5:
  version "4.9.5"
  resolved "https://registry.npmjs.org/typescript/-/typescript-4.9.5.tgz"
  integrity sha512-1FXk9E2Hm+QzZQ7z+McJiHL4NW1F2EzMu9Nq9i3zAaGqibafqYwCVU6WyWAuyQRRzOlxou8xZSyXLEN8oKj24g==

undici-types@~5.26.4:
  version "5.26.5"
  resolved "https://registry.npmjs.org/undici-types/-/undici-types-5.26.5.tgz"
  integrity sha512-JlCMO+ehdEIKqlFxk6IfVoAUVmgz7cU7zD/h9XZ0qzeosSHmUJVOzSQvvYSYWXkFXC+IfLKSIffhv0sVZup6pA==
