# THIS IS AN AUTOGENERATED FILE. DO NOT EDIT THIS FILE DIRECTLY.
# yarn lockfile v1


"@types/fpsmeter@^0.3.34":
  version "0.3.34"
  resolved "https://registry.yarnpkg.com/@types/fpsmeter/-/fpsmeter-0.3.34.tgz#492ca6800df9f8d9547b943626bd6d0b8aa3970b"
  integrity sha512-ja3G1z7zkL0SUIH8fkhrSuOrayqiaocbLd4uZ8rTTbLLZy8wCdLx4E1ygOtJy/K5133VyXaU4r0Tr1js7edshA==

"@types/node@*":
  version "20.10.5"
  resolved "https://registry.yarnpkg.com/@types/node/-/node-20.10.5.tgz#47ad460b514096b7ed63a1dae26fad0914ed3ab2"
  integrity sha512-nNPsNE65wjMxEKI93yOP+NPGGBJz/PoN3kZsVLee0XMiJolxSekEVD8wRwBUBqkwc7UWop0edW50yrCQW4CyRw==
  dependencies:
    undici-types "~5.26.4"

"@types/nw.gui@^0.0.24":
  version "0.0.24"
  resolved "https://registry.yarnpkg.com/@types/nw.gui/-/nw.gui-0.0.24.tgz#a63a3deac7a305411fecfe2339535a7559fc7e07"
  integrity sha512-Jpx1nVaGLdhOeBCmqqHvfrggXLGTibtEPLw3sXqPskYX/WQlZVO/HFWtEsT//yMyZVZpm/7/gzQssWTKOGjKeQ==

"@types/nw.js@^0.13.20":
  version "0.13.20"
  resolved "https://registry.yarnpkg.com/@types/nw.js/-/nw.js-0.13.20.tgz#152b6e3ba4952da60ead3d09f10d6a43db14189d"
  integrity sha512-40mwOfqm19DomFXuHD3h2hklf5K8ILxyMmGbUvHygN9ZXReCysMn1tVlnpQZJXikkhKO6saZWJDEuEhQGP7f+g==
  dependencies:
    "@types/node" "*"

"@types/pixi.js@^4.8.9":
  version "4.8.9"
  resolved "https://registry.yarnpkg.com/@types/pixi.js/-/pixi.js-4.8.9.tgz#207d8719f655d84eaa28adcfb3c62e414450dc56"
  integrity sha512-PCqd9/TaGOAqg73u8cQKH2sg8pdkRzU6VKu8lWrV+/+p5QiDRtrT8chY5yveVM8A/hWLNtvIQlWpojDomTSNQQ==

typescript@^4.9.5:
  version "4.9.5"
  resolved "https://registry.yarnpkg.com/typescript/-/typescript-4.9.5.tgz#095979f9bcc0d09da324d58d03ce8f8374cbe65a"
  integrity sha512-1FXk9E2Hm+QzZQ7z+McJiHL4NW1F2EzMu9Nq9i3zAaGqibafqYwCVU6WyWAuyQRRzOlxou8xZSyXLEN8oKj24g==

undici-types@~5.26.4:
  version "5.26.5"
  resolved "https://registry.yarnpkg.com/undici-types/-/undici-types-5.26.5.tgz#bcd539893d00b56e964fd2657a4866b221a65617"
  integrity sha512-JlCMO+ehdEIKqlFxk6IfVoAUVmgz7cU7zD/h9XZ0qzeosSHmUJVOzSQvvYSYWXkFXC+IfLKSIffhv0sVZup6pA==
